{
  "version": 4,
  "terraform_version": "1.1.5",
  "serial": 168,
  "lineage": "ac6b7209-6e4f-f90b-f951-400252cecc40",
  "outputs": {
    "personal_vm_ids": {
      "value": [
        "epd8rak5k80pcl3kpuch",
        "epdq3s2k4mvn20e20klo"
      ],
      "type": [
        "tuple",
        [
          "string",
          "string"
        ]
      ]
    }
  },
  "resources": [
    {
      "module": "module.student_modules[\"bryazginnn\"]",
      "mode": "data",
      "type": "yandex_iam_user",
      "name": "student_user",
      "provider": "provider[\"terraform-registry.storage.yandexcloud.net/yandex-cloud/yandex\"]",
      "instances": [
        {
          "schema_version": 0,
          "attributes": {
            "default_email": "bryazginnn@yandex.ru",
            "id": "ajeh5a1542jv2tni5fsh",
            "login": "bryazginnn",
            "user_id": "ajeh5a1542jv2tni5fsh"
          },
          "sensitive_attributes": []
        }
      ]
    },
    {
      "module": "module.student_modules[\"bryazginnn\"]",
      "mode": "data",
      "type": "yandex_vpc_subnet",
      "name": "private-central1-b",
      "provider": "provider[\"terraform-registry.storage.yandexcloud.net/yandex-cloud/yandex\"]",
      "instances": [
        {
          "schema_version": 0,
          "attributes": {
            "created_at": "2022-04-16T08:51:03Z",
            "description": "Студенческие тачки",
            "dhcp_options": [],
            "folder_id": "b1g4dgip1f2tg7nffiee",
            "id": "e2l41cduuetae1eghddk",
            "labels": {},
            "name": "private-central1-b",
            "network_id": "enpn5sd1ctbcif04c898",
            "route_table_id": "enpgmts92n50k1tbhc75",
            "subnet_id": "e2l41cduuetae1eghddk",
            "v4_cidr_blocks": [
              "10.10.0.0/24"
            ],
            "v6_cidr_blocks": [],
            "zone": "ru-central1-b"
          },
          "sensitive_attributes": []
        }
      ]
    },
    {
      "module": "module.student_modules[\"bryazginnn\"]",
      "mode": "managed",
      "type": "yandex_compute_instance",
      "name": "vm",
      "provider": "provider[\"terraform-registry.storage.yandexcloud.net/yandex-cloud/yandex\"]",
      "instances": [
        {
          "schema_version": 1,
          "attributes": {
            "allow_stopping_for_update": true,
            "boot_disk": [
              {
                "auto_delete": true,
                "device_name": "epdlqs1o6k6i60u8ne5j",
                "disk_id": "epdlqs1o6k6i60u8ne5j",
                "initialize_params": [
                  {
                    "block_size": 4096,
                    "description": "",
                    "image_id": "fd8anitv6eua45627i0e",
                    "name": "",
                    "size": 5,
                    "snapshot_id": "",
                    "type": "network-hdd"
                  }
                ],
                "mode": "READ_WRITE"
              }
            ],
            "created_at": "2022-04-23T13:08:28Z",
            "description": "",
            "folder_id": "b1gtvhhck42rb7h5hao9",
            "fqdn": "vm-bryazginnn.ru-central1.internal",
            "hostname": "vm-bryazginnn",
            "id": "epd8rak5k80pcl3kpuch",
            "labels": {},
            "metadata": {
              "ssh-keys": "ubuntu:ssh-rsa AAAAB3NzaC1yc2EAAAADAQABAAABAQCZtfpGJTrEj7dGksU4nc4fE7P3VEbN5QiB8Bi53Pfo+djb12hC2Gl5dl4X0uA11PacYmouXSxBXQxTP00K3sjUjiA0wBvp8i55phzY61kNV+TavZdvoMJiO7hdLrf1IwqPM2Adkk8DofNBozN14oGhoI5KkHvWQUy+jyiFclavqC2KJFdqcCPyyPl9LbB6p7xIWLjeXToRaZc1JzZjcTVyslu5+AvWMrNxxLyLRZsmY4NY/JfHt8LhoOlymfZoaZOqEeCPI9uEt1tXSYsMhOtH783QAtexiPPeBe19FHzRa+wH4Z1H0IJ7TlnSupWw/av6RxSPNOT8k5wQYb8L+AF7 dm-fish@yandex-team.ru",
              "user-data": "#cloud-config\nusers:\n  - name: abryazgin\n    groups: sudo\n    shell: /bin/bash\n    sudo: ['ALL=(ALL) NOPASSWD:ALL']\n    ssh-authorized-keys:\n      - ssh-rsa AAAAB3NzaC1yc2EAAAADAQABAAACAQC84Z4sH9z4mXx+1Jg9IJjfOGEEl/JpDBg2AdLPzlbP6G/Ug5zf6DGvJQclfqVEN4CTgLTu+OJDBCZynre7GSeiRtJAnmUrdLs1rSFNH52StTAd4ggLVByuHP/4NgF2ZTkJ96ZJKL1fVCHi2j9tD7ytQmpx8j4wuxhdO+3G51XzNjuQXZxYLWgSTyu9PQlq/WV1ymgXJAOTN/DwT40JtbKEge06y+bl9nYmOT+GULYmzSNaOc6rEjpDUWa/JvDoYcH1Fl+hZD4YV0hb5TaSaBrLo9z7ylECQgvX00vq1a40lBDl2CQLhnYenPnIIBRVYIaa0lcAT/A8U2lweDzNjmoFu/ZlMFJ0F9HMHu0E8I9iSDVLEopeKKZFBudadS0UdBWLJdhJqH8ZZ1FwvpWTWII26WcxnSnUAytbpxlZigy5WAUgxP4QBh9KFWHPsaeTzewq/r64Y6uvma0CglFDgcaViYXd26M9DjEhPxPKGGUQ0cu0xvBQcKxjl6DMETSFUAOefvyS9v+iOTROegxkAAOMCWwzllpMsQoHOaR6AIvsOMCii0ohaEi6NujKUVbwvEOnyvJkwRwmCxrM5ax2X/oPuHPCIQBJhMY3TBSS8LQvJgKVlnAaFnavMU3IrM+FHCCK8MykB0i9t/+az6j/gIEs10ll45MYTO2qnLTW8uziww== abryazgin@yandex-team.ru\n  - name: dm-fish\n    groups: sudo\n    shell: /bin/bash\n    sudo: ['ALL=(ALL) NOPASSWD:ALL']\n    ssh-authorized-keys:\n      - ssh-rsa AAAAB3NzaC1yc2EAAAADAQABAAABAQCZtfpGJTrEj7dGksU4nc4fE7P3VEbN5QiB8Bi53Pfo+djb12hC2Gl5dl4X0uA11PacYmouXSxBXQxTP00K3sjUjiA0wBvp8i55phzY61kNV+TavZdvoMJiO7hdLrf1IwqPM2Adkk8DofNBozN14oGhoI5KkHvWQUy+jyiFclavqC2KJFdqcCPyyPl9LbB6p7xIWLjeXToRaZc1JzZjcTVyslu5+AvWMrNxxLyLRZsmY4NY/JfHt8LhoOlymfZoaZOqEeCPI9uEt1tXSYsMhOtH783QAtexiPPeBe19FHzRa+wH4Z1H0IJ7TlnSupWw/av6RxSPNOT8k5wQYb8L+AF7 dm-fish@yandex-team.ru\n"
            },
            "name": "vm-bryazginnn",
            "network_acceleration_type": "standard",
            "network_interface": [
              {
                "dns_record": [
                  {
                    "dns_zone_id": "",
                    "fqdn": "bryazginnn.vm.internal.",
                    "ptr": false,
                    "ttl": 0
                  }
                ],
                "index": 0,
                "ip_address": "10.10.0.19",
                "ipv4": true,
                "ipv6": false,
                "ipv6_address": "",
                "ipv6_dns_record": [],
                "mac_address": "d0:0d:8d:aa:85:a2",
                "nat": false,
                "nat_dns_record": [],
                "nat_ip_address": "",
                "nat_ip_version": "",
                "security_group_ids": [],
                "subnet_id": "e2l41cduuetae1eghddk"
              }
            ],
            "placement_policy": [
              {
                "placement_group_id": ""
              }
            ],
            "platform_id": "standard-v1",
            "resources": [
              {
                "core_fraction": 20,
                "cores": 2,
                "gpus": 0,
                "memory": 2
              }
            ],
            "scheduling_policy": [
              {
                "preemptible": true
              }
            ],
            "secondary_disk": [],
            "service_account_id": "",
            "status": "stopped",
            "timeouts": null,
            "zone": "ru-central1-b"
          },
          "sensitive_attributes": [],
          "private": "eyJlMmJmYjczMC1lY2FhLTExZTYtOGY4OC0zNDM2M2JjN2M0YzAiOnsiY3JlYXRlIjozMDAwMDAwMDAwMDAsImRlbGV0ZSI6MzAwMDAwMDAwMDAwLCJ1cGRhdGUiOjMwMDAwMDAwMDAwMH0sInNjaGVtYV92ZXJzaW9uIjoiMSJ9",
          "dependencies": [
            "module.student_modules.data.yandex_vpc_subnet.private-central1-b",
            "module.student_modules.yandex_resourcemanager_folder.personal_folder"
          ]
        }
      ]
    },
    {
      "module": "module.student_modules[\"bryazginnn\"]",
      "mode": "managed",
      "type": "yandex_container_registry",
      "name": "own",
      "provider": "provider[\"terraform-registry.storage.yandexcloud.net/yandex-cloud/yandex\"]",
      "instances": [
        {
          "schema_version": 0,
          "attributes": {
            "created_at": "2022-04-23T13:08:28Z",
            "folder_id": "b1gtvhhck42rb7h5hao9",
            "id": "crpe8jb1806qvj6hf05j",
            "labels": {},
            "name": "registry-bryazginnn",
            "status": "active",
            "timeouts": null
          },
          "sensitive_attributes": [],
          "private": "eyJlMmJmYjczMC1lY2FhLTExZTYtOGY4OC0zNDM2M2JjN2M0YzAiOnsiY3JlYXRlIjo5MDAwMDAwMDAwMDAsImRlbGV0ZSI6OTAwMDAwMDAwMDAwLCJ1cGRhdGUiOjkwMDAwMDAwMDAwMH19",
          "dependencies": [
            "module.student_modules.yandex_resourcemanager_folder.personal_folder"
          ]
        }
      ]
    },
    {
      "module": "module.student_modules[\"bryazginnn\"]",
      "mode": "managed",
      "type": "yandex_iam_service_account",
      "name": "docker-ops",
      "provider": "provider[\"terraform-registry.storage.yandexcloud.net/yandex-cloud/yandex\"]",
      "instances": [
        {
          "schema_version": 0,
          "attributes": {
            "created_at": "2022-04-23T13:08:28Z",
            "description": "",
            "folder_id": "b1gtvhhck42rb7h5hao9",
            "id": "aje5ggp64tlrhltshdsa",
            "name": "docker-account-bryazginnn",
            "timeouts": null
          },
          "sensitive_attributes": [],
          "private": "eyJlMmJmYjczMC1lY2FhLTExZTYtOGY4OC0zNDM2M2JjN2M0YzAiOnsiY3JlYXRlIjo2MDAwMDAwMDAwMCwiZGVsZXRlIjo2MDAwMDAwMDAwMCwidXBkYXRlIjo2MDAwMDAwMDAwMH19",
          "dependencies": [
            "module.student_modules.yandex_resourcemanager_folder.personal_folder"
          ]
        }
      ]
    },
    {
      "module": "module.student_modules[\"bryazginnn\"]",
      "mode": "managed",
      "type": "yandex_iam_service_account_iam_binding",
      "name": "docker-ops-roles",
      "provider": "provider[\"terraform-registry.storage.yandexcloud.net/yandex-cloud/yandex\"]",
      "instances": [
        {
          "schema_version": 0,
          "attributes": {
            "id": "aje5ggp64tlrhltshdsa/admin",
            "members": [
              "userAccount:ajeh5a1542jv2tni5fsh"
            ],
            "role": "admin",
            "service_account_id": "aje5ggp64tlrhltshdsa",
            "sleep_after": null
          },
          "sensitive_attributes": [],
          "private": "bnVsbA==",
          "dependencies": [
            "module.student_modules.data.yandex_iam_user.student_user",
            "module.student_modules.yandex_iam_service_account.docker-ops",
            "module.student_modules.yandex_resourcemanager_folder.personal_folder"
          ]
        }
      ]
    },
    {
      "module": "module.student_modules[\"bryazginnn\"]",
      "mode": "managed",
      "type": "yandex_organizationmanager_organization_iam_member",
      "name": "organization_invite",
      "provider": "provider[\"terraform-registry.storage.yandexcloud.net/yandex-cloud/yandex\"]",
      "instances": [
        {
          "schema_version": 0,
          "attributes": {
            "id": "bpfgm4eqjjqr09f3k3sf/viewer/userAccount:ajeh5a1542jv2tni5fsh",
            "member": "userAccount:ajeh5a1542jv2tni5fsh",
            "organization_id": "bpfgm4eqjjqr09f3k3sf",
            "role": "viewer",
            "sleep_after": null
          },
          "sensitive_attributes": [],
          "private": "bnVsbA==",
          "dependencies": [
            "module.student_modules.data.yandex_iam_user.student_user"
          ]
        }
      ]
    },
    {
      "module": "module.student_modules[\"bryazginnn\"]",
      "mode": "managed",
      "type": "yandex_resourcemanager_folder",
      "name": "personal_folder",
      "provider": "provider[\"terraform-registry.storage.yandexcloud.net/yandex-cloud/yandex\"]",
      "instances": [
        {
          "schema_version": 0,
          "attributes": {
            "cloud_id": "b1g9gudn8fcfil33r2v9",
            "created_at": "2022-04-23T12:35:09Z",
            "description": "",
            "id": "b1gtvhhck42rb7h5hao9",
            "labels": {},
            "name": "personal-bryazginnn",
            "timeouts": null
          },
          "sensitive_attributes": [],
          "private": "eyJlMmJmYjczMC1lY2FhLTExZTYtOGY4OC0zNDM2M2JjN2M0YzAiOnsiY3JlYXRlIjo2MDAwMDAwMDAwMCwiZGVsZXRlIjoxODAwMDAwMDAwMDAwLCJyZWFkIjo2MDAwMDAwMDAwMCwidXBkYXRlIjo2MDAwMDAwMDAwMH19"
        }
      ]
    },
    {
      "module": "module.student_modules[\"bryazginnn\"]",
      "mode": "managed",
      "type": "yandex_resourcemanager_folder_iam_member",
      "name": "folder_invites",
      "provider": "provider[\"terraform-registry.storage.yandexcloud.net/yandex-cloud/yandex\"]",
      "instances": [
        {
          "index_key": "compute.admin",
          "schema_version": 0,
          "attributes": {
            "folder_id": "b1gtvhhck42rb7h5hao9",
            "id": "b1gtvhhck42rb7h5hao9/compute.admin/userAccount:ajeh5a1542jv2tni5fsh",
            "member": "userAccount:ajeh5a1542jv2tni5fsh",
            "role": "compute.admin",
            "sleep_after": null
          },
          "sensitive_attributes": [],
          "private": "bnVsbA==",
          "dependencies": [
            "module.student_modules.data.yandex_iam_user.student_user",
            "module.student_modules.yandex_resourcemanager_folder.personal_folder"
          ]
        },
        {
          "index_key": "compute.operator",
          "schema_version": 0,
          "attributes": {
            "folder_id": "b1gtvhhck42rb7h5hao9",
            "id": "b1gtvhhck42rb7h5hao9/compute.operator/userAccount:ajeh5a1542jv2tni5fsh",
            "member": "userAccount:ajeh5a1542jv2tni5fsh",
            "role": "compute.operator",
            "sleep_after": null
          },
          "sensitive_attributes": [],
          "private": "bnVsbA==",
          "dependencies": [
            "module.student_modules.data.yandex_iam_user.student_user",
            "module.student_modules.yandex_resourcemanager_folder.personal_folder"
          ]
        },
        {
          "index_key": "compute.viewer",
          "schema_version": 0,
          "attributes": {
            "folder_id": "b1gtvhhck42rb7h5hao9",
            "id": "b1gtvhhck42rb7h5hao9/compute.viewer/userAccount:ajeh5a1542jv2tni5fsh",
            "member": "userAccount:ajeh5a1542jv2tni5fsh",
            "role": "compute.viewer",
            "sleep_after": null
          },
          "sensitive_attributes": [],
          "private": "bnVsbA==",
          "dependencies": [
            "module.student_modules.data.yandex_iam_user.student_user",
            "module.student_modules.yandex_resourcemanager_folder.personal_folder"
          ]
        },
        {
          "index_key": "container-registry.images.puller",
          "schema_version": 0,
          "attributes": {
            "folder_id": "b1gtvhhck42rb7h5hao9",
            "id": "b1gtvhhck42rb7h5hao9/container-registry.images.puller/userAccount:ajeh5a1542jv2tni5fsh",
            "member": "userAccount:ajeh5a1542jv2tni5fsh",
            "role": "container-registry.images.puller",
            "sleep_after": null
          },
          "sensitive_attributes": [],
          "private": "bnVsbA==",
          "dependencies": [
            "module.student_modules.data.yandex_iam_user.student_user",
            "module.student_modules.yandex_resourcemanager_folder.personal_folder"
          ]
        },
        {
          "index_key": "container-registry.images.pusher",
          "schema_version": 0,
          "attributes": {
            "folder_id": "b1gtvhhck42rb7h5hao9",
            "id": "b1gtvhhck42rb7h5hao9/container-registry.images.pusher/userAccount:ajeh5a1542jv2tni5fsh",
            "member": "userAccount:ajeh5a1542jv2tni5fsh",
            "role": "container-registry.images.pusher",
            "sleep_after": null
          },
          "sensitive_attributes": [],
          "private": "bnVsbA==",
          "dependencies": [
            "module.student_modules.data.yandex_iam_user.student_user",
            "module.student_modules.yandex_resourcemanager_folder.personal_folder"
          ]
        },
        {
          "index_key": "viewer",
          "schema_version": 0,
          "attributes": {
            "folder_id": "b1gtvhhck42rb7h5hao9",
            "id": "b1gtvhhck42rb7h5hao9/viewer/userAccount:ajeh5a1542jv2tni5fsh",
            "member": "userAccount:ajeh5a1542jv2tni5fsh",
            "role": "viewer",
            "sleep_after": null
          },
          "sensitive_attributes": [],
          "private": "bnVsbA==",
          "dependencies": [
            "module.student_modules.data.yandex_iam_user.student_user",
            "module.student_modules.yandex_resourcemanager_folder.personal_folder"
          ]
        }
      ]
    },
    {
      "module": "module.student_modules[\"bryazginnn\"]",
      "mode": "managed",
      "type": "yandex_resourcemanager_folder_iam_member",
      "name": "sa-docker-pull-role",
      "provider": "provider[\"terraform-registry.storage.yandexcloud.net/yandex-cloud/yandex\"]",
      "instances": [
        {
          "index_key": "container-registry.images.puller",
          "schema_version": 0,
          "attributes": {
            "folder_id": "b1gtvhhck42rb7h5hao9",
            "id": "b1gtvhhck42rb7h5hao9/container-registry.images.puller/serviceAccount:aje5ggp64tlrhltshdsa",
            "member": "serviceAccount:aje5ggp64tlrhltshdsa",
            "role": "container-registry.images.puller",
            "sleep_after": null
          },
          "sensitive_attributes": [],
          "private": "bnVsbA==",
          "dependencies": [
            "module.student_modules.yandex_iam_service_account.docker-ops",
            "module.student_modules.yandex_resourcemanager_folder.personal_folder"
          ]
        }
      ]
    },
    {
      "module": "module.student_modules[\"yndx-dm-fish2\"]",
      "mode": "data",
      "type": "yandex_iam_user",
      "name": "student_user",
      "provider": "provider[\"terraform-registry.storage.yandexcloud.net/yandex-cloud/yandex\"]",
      "instances": [
        {
          "schema_version": 0,
          "attributes": {
            "default_email": "yndx-dm-fish@yandex.ru",
            "id": "aje284up4h9ufe2a7b9g",
            "login": "yndx-dm-fish",
            "user_id": "aje284up4h9ufe2a7b9g"
          },
          "sensitive_attributes": []
        }
      ]
    },
    {
      "module": "module.student_modules[\"yndx-dm-fish2\"]",
      "mode": "data",
      "type": "yandex_vpc_subnet",
      "name": "private-central1-b",
      "provider": "provider[\"terraform-registry.storage.yandexcloud.net/yandex-cloud/yandex\"]",
      "instances": [
        {
          "schema_version": 0,
          "attributes": {
            "created_at": "2022-04-16T08:51:03Z",
            "description": "Студенческие тачки",
            "dhcp_options": [],
            "folder_id": "b1g4dgip1f2tg7nffiee",
            "id": "e2l41cduuetae1eghddk",
            "labels": {},
            "name": "private-central1-b",
            "network_id": "enpn5sd1ctbcif04c898",
            "route_table_id": "enpgmts92n50k1tbhc75",
            "subnet_id": "e2l41cduuetae1eghddk",
            "v4_cidr_blocks": [
              "10.10.0.0/24"
            ],
            "v6_cidr_blocks": [],
            "zone": "ru-central1-b"
          },
          "sensitive_attributes": []
        }
      ]
    },
    {
      "module": "module.student_modules[\"yndx-dm-fish2\"]",
      "mode": "managed",
      "type": "yandex_compute_instance",
      "name": "vm",
      "provider": "provider[\"terraform-registry.storage.yandexcloud.net/yandex-cloud/yandex\"]",
      "instances": [
        {
          "schema_version": 1,
          "attributes": {
            "allow_stopping_for_update": true,
            "boot_disk": [
              {
                "auto_delete": true,
                "device_name": "epds4ekaa6bub9f61bpn",
                "disk_id": "epds4ekaa6bub9f61bpn",
                "initialize_params": [
                  {
                    "block_size": 4096,
                    "description": "",
                    "image_id": "fd8anitv6eua45627i0e",
                    "name": "",
                    "size": 5,
                    "snapshot_id": "",
                    "type": "network-hdd"
                  }
                ],
                "mode": "READ_WRITE"
              }
            ],
            "created_at": "2022-04-23T10:54:31Z",
            "description": "",
            "folder_id": "b1g9gtskv8uhptruugh5",
            "fqdn": "vm-yndx-dm-fish2.ru-central1.internal",
            "hostname": "vm-yndx-dm-fish2",
            "id": "epdq3s2k4mvn20e20klo",
            "labels": {},
            "metadata": {
              "ssh-keys": "ubuntu:ssh-rsa AAAAB3NzaC1yc2EAAAADAQABAAABAQCZtfpGJTrEj7dGksU4nc4fE7P3VEbN5QiB8Bi53Pfo+djb12hC2Gl5dl4X0uA11PacYmouXSxBXQxTP00K3sjUjiA0wBvp8i55phzY61kNV+TavZdvoMJiO7hdLrf1IwqPM2Adkk8DofNBozN14oGhoI5KkHvWQUy+jyiFclavqC2KJFdqcCPyyPl9LbB6p7xIWLjeXToRaZc1JzZjcTVyslu5+AvWMrNxxLyLRZsmY4NY/JfHt8LhoOlymfZoaZOqEeCPI9uEt1tXSYsMhOtH783QAtexiPPeBe19FHzRa+wH4Z1H0IJ7TlnSupWw/av6RxSPNOT8k5wQYb8L+AF7 dm-fish@yandex-team.ru",
              "user-data": "#cloud-config\nusers:\n  - name: abryazgin\n    groups: sudo\n    shell: /bin/bash\n    sudo: ['ALL=(ALL) NOPASSWD:ALL']\n    ssh-authorized-keys:\n      - ssh-rsa AAAAB3NzaC1yc2EAAAADAQABAAACAQC84Z4sH9z4mXx+1Jg9IJjfOGEEl/JpDBg2AdLPzlbP6G/Ug5zf6DGvJQclfqVEN4CTgLTu+OJDBCZynre7GSeiRtJAnmUrdLs1rSFNH52StTAd4ggLVByuHP/4NgF2ZTkJ96ZJKL1fVCHi2j9tD7ytQmpx8j4wuxhdO+3G51XzNjuQXZxYLWgSTyu9PQlq/WV1ymgXJAOTN/DwT40JtbKEge06y+bl9nYmOT+GULYmzSNaOc6rEjpDUWa/JvDoYcH1Fl+hZD4YV0hb5TaSaBrLo9z7ylECQgvX00vq1a40lBDl2CQLhnYenPnIIBRVYIaa0lcAT/A8U2lweDzNjmoFu/ZlMFJ0F9HMHu0E8I9iSDVLEopeKKZFBudadS0UdBWLJdhJqH8ZZ1FwvpWTWII26WcxnSnUAytbpxlZigy5WAUgxP4QBh9KFWHPsaeTzewq/r64Y6uvma0CglFDgcaViYXd26M9DjEhPxPKGGUQ0cu0xvBQcKxjl6DMETSFUAOefvyS9v+iOTROegxkAAOMCWwzllpMsQoHOaR6AIvsOMCii0ohaEi6NujKUVbwvEOnyvJkwRwmCxrM5ax2X/oPuHPCIQBJhMY3TBSS8LQvJgKVlnAaFnavMU3IrM+FHCCK8MykB0i9t/+az6j/gIEs10ll45MYTO2qnLTW8uziww== abryazgin@yandex-team.ru\n  - name: dm-fish\n    groups: sudo\n    shell: /bin/bash\n    sudo: ['ALL=(ALL) NOPASSWD:ALL']\n    ssh-authorized-keys:\n      - ssh-rsa AAAAB3NzaC1yc2EAAAADAQABAAABAQCZtfpGJTrEj7dGksU4nc4fE7P3VEbN5QiB8Bi53Pfo+djb12hC2Gl5dl4X0uA11PacYmouXSxBXQxTP00K3sjUjiA0wBvp8i55phzY61kNV+TavZdvoMJiO7hdLrf1IwqPM2Adkk8DofNBozN14oGhoI5KkHvWQUy+jyiFclavqC2KJFdqcCPyyPl9LbB6p7xIWLjeXToRaZc1JzZjcTVyslu5+AvWMrNxxLyLRZsmY4NY/JfHt8LhoOlymfZoaZOqEeCPI9uEt1tXSYsMhOtH783QAtexiPPeBe19FHzRa+wH4Z1H0IJ7TlnSupWw/av6RxSPNOT8k5wQYb8L+AF7 dm-fish@yandex-team.ru\n"
            },
            "name": "vm-yndx-dm-fish2",
            "network_acceleration_type": "standard",
            "network_interface": [
              {
                "dns_record": [
                  {
                    "dns_zone_id": "",
                    "fqdn": "yndx-dm-fish2.vm.internal.",
                    "ptr": false,
                    "ttl": 0
                  }
                ],
                "index": 0,
                "ip_address": "10.10.0.34",
                "ipv4": true,
                "ipv6": false,
                "ipv6_address": "",
                "ipv6_dns_record": [],
                "mac_address": "d0:0d:1a:1f:05:42",
                "nat": false,
                "nat_dns_record": [],
                "nat_ip_address": "",
                "nat_ip_version": "",
                "security_group_ids": [],
                "subnet_id": "e2l41cduuetae1eghddk"
              }
            ],
            "placement_policy": [
              {
                "placement_group_id": ""
              }
            ],
            "platform_id": "standard-v1",
            "resources": [
              {
                "core_fraction": 20,
                "cores": 2,
                "gpus": 0,
                "memory": 2
              }
            ],
            "scheduling_policy": [
              {
                "preemptible": true
              }
            ],
            "secondary_disk": [],
            "service_account_id": "",
            "status": "running",
            "timeouts": null,
            "zone": "ru-central1-b"
          },
          "sensitive_attributes": [],
          "private": "eyJlMmJmYjczMC1lY2FhLTExZTYtOGY4OC0zNDM2M2JjN2M0YzAiOnsiY3JlYXRlIjozMDAwMDAwMDAwMDAsImRlbGV0ZSI6MzAwMDAwMDAwMDAwLCJ1cGRhdGUiOjMwMDAwMDAwMDAwMH0sInNjaGVtYV92ZXJzaW9uIjoiMSJ9",
          "dependencies": [
            "module.student_modules.data.yandex_vpc_subnet.private-central1-b",
            "module.student_modules.yandex_resourcemanager_folder.personal_folder"
          ]
        }
      ]
    },
    {
      "module": "module.student_modules[\"yndx-dm-fish2\"]",
      "mode": "managed",
      "type": "yandex_container_registry",
      "name": "own",
      "provider": "provider[\"terraform-registry.storage.yandexcloud.net/yandex-cloud/yandex\"]",
      "instances": [
        {
          "schema_version": 0,
          "attributes": {
            "created_at": "2022-04-23T10:15:51Z",
            "folder_id": "b1g9gtskv8uhptruugh5",
            "id": "crphntksaqh2dho7ale3",
            "labels": {},
            "name": "registry-yndx-dm-fish2",
            "status": "active",
            "timeouts": null
          },
          "sensitive_attributes": [],
          "private": "eyJlMmJmYjczMC1lY2FhLTExZTYtOGY4OC0zNDM2M2JjN2M0YzAiOnsiY3JlYXRlIjo5MDAwMDAwMDAwMDAsImRlbGV0ZSI6OTAwMDAwMDAwMDAwLCJ1cGRhdGUiOjkwMDAwMDAwMDAwMH19",
          "dependencies": [
            "module.student_modules.yandex_resourcemanager_folder.personal_folder"
          ]
        }
      ]
    },
    {
      "module": "module.student_modules[\"yndx-dm-fish2\"]",
      "mode": "managed",
      "type": "yandex_iam_service_account",
      "name": "docker-ops",
      "provider": "provider[\"terraform-registry.storage.yandexcloud.net/yandex-cloud/yandex\"]",
      "instances": [
        {
          "schema_version": 0,
          "attributes": {
            "created_at": "2022-04-23T13:07:39Z",
            "description": "",
            "folder_id": "b1g9gtskv8uhptruugh5",
            "id": "ajeras1vr4pev1hfv004",
            "name": "docker-account-yndx-dm-fish2",
            "timeouts": null
          },
          "sensitive_attributes": [],
          "private": "eyJlMmJmYjczMC1lY2FhLTExZTYtOGY4OC0zNDM2M2JjN2M0YzAiOnsiY3JlYXRlIjo2MDAwMDAwMDAwMCwiZGVsZXRlIjo2MDAwMDAwMDAwMCwidXBkYXRlIjo2MDAwMDAwMDAwMH19",
          "dependencies": [
            "module.student_modules.yandex_resourcemanager_folder.personal_folder"
          ]
        }
      ]
    },
    {
      "module": "module.student_modules[\"yndx-dm-fish2\"]",
      "mode": "managed",
      "type": "yandex_iam_service_account_iam_binding",
      "name": "docker-ops-roles",
      "provider": "provider[\"terraform-registry.storage.yandexcloud.net/yandex-cloud/yandex\"]",
      "instances": [
        {
          "schema_version": 0,
          "attributes": {
            "id": "ajeras1vr4pev1hfv004/admin",
            "members": [
              "userAccount:aje284up4h9ufe2a7b9g"
            ],
            "role": "admin",
            "service_account_id": "ajeras1vr4pev1hfv004",
            "sleep_after": null
          },
          "sensitive_attributes": [],
          "private": "bnVsbA==",
          "dependencies": [
            "module.student_modules.data.yandex_iam_user.student_user",
            "module.student_modules.yandex_iam_service_account.docker-ops",
            "module.student_modules.yandex_resourcemanager_folder.personal_folder"
          ]
        }
      ]
    },
    {
      "module": "module.student_modules[\"yndx-dm-fish2\"]",
      "mode": "managed",
      "type": "yandex_organizationmanager_organization_iam_member",
      "name": "organization_invite",
      "provider": "provider[\"terraform-registry.storage.yandexcloud.net/yandex-cloud/yandex\"]",
      "instances": [
        {
          "schema_version": 0,
          "attributes": {
            "id": "bpfgm4eqjjqr09f3k3sf/viewer/userAccount:aje284up4h9ufe2a7b9g",
            "member": "userAccount:aje284up4h9ufe2a7b9g",
            "organization_id": "bpfgm4eqjjqr09f3k3sf",
            "role": "viewer",
            "sleep_after": null
          },
          "sensitive_attributes": [],
          "private": "bnVsbA==",
          "dependencies": [
            "module.student_modules.data.yandex_iam_user.student_user"
          ]
        }
      ]
    },
    {
      "module": "module.student_modules[\"yndx-dm-fish2\"]",
      "mode": "managed",
      "type": "yandex_resourcemanager_folder",
      "name": "personal_folder",
      "provider": "provider[\"terraform-registry.storage.yandexcloud.net/yandex-cloud/yandex\"]",
      "instances": [
        {
          "schema_version": 0,
          "attributes": {
            "cloud_id": "b1g9gudn8fcfil33r2v9",
            "created_at": "2022-04-21T06:26:42Z",
            "description": "",
            "id": "b1g9gtskv8uhptruugh5",
            "labels": {},
            "name": "personal-yndx-dm-fish2",
            "timeouts": null
          },
          "sensitive_attributes": [],
          "private": "eyJlMmJmYjczMC1lY2FhLTExZTYtOGY4OC0zNDM2M2JjN2M0YzAiOnsiY3JlYXRlIjo2MDAwMDAwMDAwMCwiZGVsZXRlIjoxODAwMDAwMDAwMDAwLCJyZWFkIjo2MDAwMDAwMDAwMCwidXBkYXRlIjo2MDAwMDAwMDAwMH19"
        }
      ]
    },
    {
      "module": "module.student_modules[\"yndx-dm-fish2\"]",
      "mode": "managed",
      "type": "yandex_resourcemanager_folder_iam_member",
      "name": "folder_invites",
      "provider": "provider[\"terraform-registry.storage.yandexcloud.net/yandex-cloud/yandex\"]",
      "instances": [
        {
          "index_key": "compute.admin",
          "schema_version": 0,
          "attributes": {
            "folder_id": "b1g9gtskv8uhptruugh5",
            "id": "b1g9gtskv8uhptruugh5/compute.admin/userAccount:aje284up4h9ufe2a7b9g",
            "member": "userAccount:aje284up4h9ufe2a7b9g",
            "role": "compute.admin",
            "sleep_after": null
          },
          "sensitive_attributes": [],
          "private": "bnVsbA==",
          "dependencies": [
            "module.student_modules.data.yandex_iam_user.student_user",
            "module.student_modules.yandex_resourcemanager_folder.personal_folder"
          ]
        },
        {
          "index_key": "compute.operator",
          "schema_version": 0,
          "attributes": {
            "folder_id": "b1g9gtskv8uhptruugh5",
            "id": "b1g9gtskv8uhptruugh5/compute.operator/userAccount:aje284up4h9ufe2a7b9g",
            "member": "userAccount:aje284up4h9ufe2a7b9g",
            "role": "compute.operator",
            "sleep_after": null
          },
          "sensitive_attributes": [],
          "private": "bnVsbA==",
          "dependencies": [
            "module.student_modules.data.yandex_iam_user.student_user",
            "module.student_modules.yandex_resourcemanager_folder.personal_folder"
          ]
        },
        {
          "index_key": "compute.viewer",
          "schema_version": 0,
          "attributes": {
            "folder_id": "b1g9gtskv8uhptruugh5",
            "id": "b1g9gtskv8uhptruugh5/compute.viewer/userAccount:aje284up4h9ufe2a7b9g",
            "member": "userAccount:aje284up4h9ufe2a7b9g",
            "role": "compute.viewer",
            "sleep_after": null
          },
          "sensitive_attributes": [],
          "private": "bnVsbA==",
          "dependencies": [
            "module.student_modules.data.yandex_iam_user.student_user",
            "module.student_modules.yandex_resourcemanager_folder.personal_folder"
          ]
        },
        {
          "index_key": "container-registry.images.puller",
          "schema_version": 0,
          "attributes": {
            "folder_id": "b1g9gtskv8uhptruugh5",
            "id": "b1g9gtskv8uhptruugh5/container-registry.images.puller/userAccount:aje284up4h9ufe2a7b9g",
            "member": "userAccount:aje284up4h9ufe2a7b9g",
            "role": "container-registry.images.puller",
            "sleep_after": null
          },
          "sensitive_attributes": [],
          "private": "bnVsbA==",
          "dependencies": [
            "module.student_modules.data.yandex_iam_user.student_user",
            "module.student_modules.yandex_resourcemanager_folder.personal_folder"
          ]
        },
        {
          "index_key": "container-registry.images.pusher",
          "schema_version": 0,
          "attributes": {
            "folder_id": "b1g9gtskv8uhptruugh5",
            "id": "b1g9gtskv8uhptruugh5/container-registry.images.pusher/userAccount:aje284up4h9ufe2a7b9g",
            "member": "userAccount:aje284up4h9ufe2a7b9g",
            "role": "container-registry.images.pusher",
            "sleep_after": null
          },
          "sensitive_attributes": [],
          "private": "bnVsbA==",
          "dependencies": [
            "module.student_modules.data.yandex_iam_user.student_user",
            "module.student_modules.yandex_resourcemanager_folder.personal_folder"
          ]
        },
        {
          "index_key": "viewer",
          "schema_version": 0,
          "attributes": {
            "folder_id": "b1g9gtskv8uhptruugh5",
            "id": "b1g9gtskv8uhptruugh5/viewer/userAccount:aje284up4h9ufe2a7b9g",
            "member": "userAccount:aje284up4h9ufe2a7b9g",
            "role": "viewer",
            "sleep_after": null
          },
          "sensitive_attributes": [],
          "private": "bnVsbA==",
          "dependencies": [
            "module.student_modules.data.yandex_iam_user.student_user",
            "module.student_modules.yandex_resourcemanager_folder.personal_folder"
          ]
        }
      ]
    },
    {
      "module": "module.student_modules[\"yndx-dm-fish2\"]",
      "mode": "managed",
      "type": "yandex_resourcemanager_folder_iam_member",
      "name": "sa-docker-pull-role",
      "provider": "provider[\"terraform-registry.storage.yandexcloud.net/yandex-cloud/yandex\"]",
      "instances": [
        {
          "index_key": "container-registry.images.puller",
          "schema_version": 0,
          "attributes": {
            "folder_id": "b1g9gtskv8uhptruugh5",
            "id": "b1g9gtskv8uhptruugh5/container-registry.images.puller/serviceAccount:ajeras1vr4pev1hfv004",
            "member": "serviceAccount:ajeras1vr4pev1hfv004",
            "role": "container-registry.images.puller",
            "sleep_after": null
          },
          "sensitive_attributes": [],
          "private": "bnVsbA==",
          "dependencies": [
            "module.student_modules.yandex_iam_service_account.docker-ops",
            "module.student_modules.yandex_resourcemanager_folder.personal_folder"
          ]
        }
      ]
    }
  ]
}
