{
  "version": 4,
  "terraform_version": "1.1.5",
  "serial": 78,
  "lineage": "ac6b7209-6e4f-f90b-f951-400252cecc40",
  "outputs": {
    "personal_vm_ids": {
      "value": [
        "epdr4k1fts7fj0c03qth"
      ],
      "type": [
        "tuple",
        [
          "string"
        ]
      ]
    }
  },
  "resources": [
    {
      "module": "module.student_modules[\"yndx-dm-fish2\"]",
      "mode": "data",
      "type": "yandex_iam_user",
      "name": "student_user",
      "provider": "provider[\"terraform-registry.storage.yandexcloud.net/yandex-cloud/yandex\"]",
      "instances": [
        {
          "schema_version": 0,
          "attributes": {
            "default_email": "yndx-dm-fish@yandex.ru",
            "id": "aje284up4h9ufe2a7b9g",
            "login": "yndx-dm-fish",
            "user_id": "aje284up4h9ufe2a7b9g"
          },
          "sensitive_attributes": []
        }
      ]
    },
    {
      "module": "module.student_modules[\"yndx-dm-fish2\"]",
      "mode": "data",
      "type": "yandex_vpc_subnet",
      "name": "private-central1-b",
      "provider": "provider[\"terraform-registry.storage.yandexcloud.net/yandex-cloud/yandex\"]",
      "instances": [
        {
          "schema_version": 0,
          "attributes": {
            "created_at": "2022-04-16T08:51:03Z",
            "description": "Студенческие тачки",
            "dhcp_options": [],
            "folder_id": "b1g4dgip1f2tg7nffiee",
            "id": "e2l41cduuetae1eghddk",
            "labels": {},
            "name": "private-central1-b",
            "network_id": "enpn5sd1ctbcif04c898",
            "route_table_id": "enpgmts92n50k1tbhc75",
            "subnet_id": "e2l41cduuetae1eghddk",
            "v4_cidr_blocks": [
              "10.10.0.0/24"
            ],
            "v6_cidr_blocks": [],
            "zone": "ru-central1-b"
          },
          "sensitive_attributes": []
        }
      ]
    },
    {
      "module": "module.student_modules[\"yndx-dm-fish2\"]",
      "mode": "managed",
      "type": "yandex_compute_instance",
      "name": "vm",
      "provider": "provider[\"terraform-registry.storage.yandexcloud.net/yandex-cloud/yandex\"]",
      "instances": [
        {
          "schema_version": 1,
          "attributes": {
            "allow_stopping_for_update": true,
            "boot_disk": [
              {
                "auto_delete": true,
                "device_name": "epdph6u1ooe38rjs7049",
                "disk_id": "epdph6u1ooe38rjs7049",
                "initialize_params": [
                  {
                    "block_size": 4096,
                    "description": "",
                    "image_id": "fd8anitv6eua45627i0e",
                    "name": "",
                    "size": 5,
                    "snapshot_id": "",
                    "type": "network-hdd"
                  }
                ],
                "mode": "READ_WRITE"
              }
            ],
            "created_at": "2022-04-21T06:44:46Z",
            "description": "",
            "folder_id": "b1g9gtskv8uhptruugh5",
            "fqdn": "epdr4k1fts7fj0c03qth.auto.internal",
            "hostname": "epdr4k1fts7fj0c03qth",
            "id": "epdr4k1fts7fj0c03qth",
            "labels": {},
            "metadata": {
              "ssh-keys": "ubuntu:ssh-rsa AAAAB3NzaC1yc2EAAAADAQABAAABAQCZtfpGJTrEj7dGksU4nc4fE7P3VEbN5QiB8Bi53Pfo+djb12hC2Gl5dl4X0uA11PacYmouXSxBXQxTP00K3sjUjiA0wBvp8i55phzY61kNV+TavZdvoMJiO7hdLrf1IwqPM2Adkk8DofNBozN14oGhoI5KkHvWQUy+jyiFclavqC2KJFdqcCPyyPl9LbB6p7xIWLjeXToRaZc1JzZjcTVyslu5+AvWMrNxxLyLRZsmY4NY/JfHt8LhoOlymfZoaZOqEeCPI9uEt1tXSYsMhOtH783QAtexiPPeBe19FHzRa+wH4Z1H0IJ7TlnSupWw/av6RxSPNOT8k5wQYb8L+AF7 dm-fish@yandex-team.ru",
              "user-data": "#cloud-config\nusers:\n  - name: abryazgin\n    groups: sudo\n    shell: /bin/bash\n    sudo: ['ALL=(ALL) NOPASSWD:ALL']\n    ssh-authorized-keys:\n      - ssh-rsa AAAAB3NzaC1yc2EAAAADAQABAAACAQC84Z4sH9z4mXx+1Jg9IJjfOGEEl/JpDBg2AdLPzlbP6G/Ug5zf6DGvJQclfqVEN4CTgLTu+OJDBCZynre7GSeiRtJAnmUrdLs1rSFNH52StTAd4ggLVByuHP/4NgF2ZTkJ96ZJKL1fVCHi2j9tD7ytQmpx8j4wuxhdO+3G51XzNjuQXZxYLWgSTyu9PQlq/WV1ymgXJAOTN/DwT40JtbKEge06y+bl9nYmOT+GULYmzSNaOc6rEjpDUWa/JvDoYcH1Fl+hZD4YV0hb5TaSaBrLo9z7ylECQgvX00vq1a40lBDl2CQLhnYenPnIIBRVYIaa0lcAT/A8U2lweDzNjmoFu/ZlMFJ0F9HMHu0E8I9iSDVLEopeKKZFBudadS0UdBWLJdhJqH8ZZ1FwvpWTWII26WcxnSnUAytbpxlZigy5WAUgxP4QBh9KFWHPsaeTzewq/r64Y6uvma0CglFDgcaViYXd26M9DjEhPxPKGGUQ0cu0xvBQcKxjl6DMETSFUAOefvyS9v+iOTROegxkAAOMCWwzllpMsQoHOaR6AIvsOMCii0ohaEi6NujKUVbwvEOnyvJkwRwmCxrM5ax2X/oPuHPCIQBJhMY3TBSS8LQvJgKVlnAaFnavMU3IrM+FHCCK8MykB0i9t/+az6j/gIEs10ll45MYTO2qnLTW8uziww== abryazgin@yandex-team.ru\n  - name: dm-fish\n    groups: sudo\n    shell: /bin/bash\n    sudo: ['ALL=(ALL) NOPASSWD:ALL']\n    ssh-authorized-keys:\n      - ssh-rsa AAAAB3NzaC1yc2EAAAADAQABAAABAQCZtfpGJTrEj7dGksU4nc4fE7P3VEbN5QiB8Bi53Pfo+djb12hC2Gl5dl4X0uA11PacYmouXSxBXQxTP00K3sjUjiA0wBvp8i55phzY61kNV+TavZdvoMJiO7hdLrf1IwqPM2Adkk8DofNBozN14oGhoI5KkHvWQUy+jyiFclavqC2KJFdqcCPyyPl9LbB6p7xIWLjeXToRaZc1JzZjcTVyslu5+AvWMrNxxLyLRZsmY4NY/JfHt8LhoOlymfZoaZOqEeCPI9uEt1tXSYsMhOtH783QAtexiPPeBe19FHzRa+wH4Z1H0IJ7TlnSupWw/av6RxSPNOT8k5wQYb8L+AF7 dm-fish@yandex-team.ru\n"
            },
            "name": "vm-yndx-dm-fish2",
            "network_acceleration_type": "standard",
            "network_interface": [
              {
                "dns_record": [],
                "index": 0,
                "ip_address": "10.10.0.27",
                "ipv4": true,
                "ipv6": false,
                "ipv6_address": "",
                "ipv6_dns_record": [],
                "mac_address": "d0:0d:1b:25:02:fe",
                "nat": false,
                "nat_dns_record": [],
                "nat_ip_address": "",
                "nat_ip_version": "",
                "security_group_ids": [],
                "subnet_id": "e2l41cduuetae1eghddk"
              }
            ],
            "placement_policy": [
              {
                "placement_group_id": ""
              }
            ],
            "platform_id": "standard-v1",
            "resources": [
              {
                "core_fraction": 100,
                "cores": 2,
                "gpus": 0,
                "memory": 2
              }
            ],
            "scheduling_policy": [
              {
                "preemptible": true
              }
            ],
            "secondary_disk": [],
            "service_account_id": "",
            "status": "stopped",
            "timeouts": null,
            "zone": "ru-central1-b"
          },
          "sensitive_attributes": [],
          "private": "eyJlMmJmYjczMC1lY2FhLTExZTYtOGY4OC0zNDM2M2JjN2M0YzAiOnsiY3JlYXRlIjozMDAwMDAwMDAwMDAsImRlbGV0ZSI6MzAwMDAwMDAwMDAwLCJ1cGRhdGUiOjMwMDAwMDAwMDAwMH0sInNjaGVtYV92ZXJzaW9uIjoiMSJ9",
          "dependencies": [
            "module.student_modules.data.yandex_vpc_subnet.private-central1-b",
            "module.student_modules.yandex_resourcemanager_folder.personal_folder"
          ]
        }
      ]
    },
    {
      "module": "module.student_modules[\"yndx-dm-fish2\"]",
      "mode": "managed",
      "type": "yandex_organizationmanager_organization_iam_member",
      "name": "organization_invite",
      "provider": "provider[\"terraform-registry.storage.yandexcloud.net/yandex-cloud/yandex\"]",
      "instances": [
        {
          "schema_version": 0,
          "attributes": {
            "id": "bpfgm4eqjjqr09f3k3sf/viewer/userAccount:aje284up4h9ufe2a7b9g",
            "member": "userAccount:aje284up4h9ufe2a7b9g",
            "organization_id": "bpfgm4eqjjqr09f3k3sf",
            "role": "viewer",
            "sleep_after": null
          },
          "sensitive_attributes": [],
          "private": "bnVsbA==",
          "dependencies": [
            "module.student_modules.data.yandex_iam_user.student_user"
          ]
        }
      ]
    },
    {
      "module": "module.student_modules[\"yndx-dm-fish2\"]",
      "mode": "managed",
      "type": "yandex_resourcemanager_folder",
      "name": "personal_folder",
      "provider": "provider[\"terraform-registry.storage.yandexcloud.net/yandex-cloud/yandex\"]",
      "instances": [
        {
          "schema_version": 0,
          "attributes": {
            "cloud_id": "b1g9gudn8fcfil33r2v9",
            "created_at": "2022-04-21T06:26:42Z",
            "description": "",
            "id": "b1g9gtskv8uhptruugh5",
            "labels": {},
            "name": "personal-yndx-dm-fish2",
            "timeouts": null
          },
          "sensitive_attributes": [],
          "private": "eyJlMmJmYjczMC1lY2FhLTExZTYtOGY4OC0zNDM2M2JjN2M0YzAiOnsiY3JlYXRlIjo2MDAwMDAwMDAwMCwiZGVsZXRlIjoxODAwMDAwMDAwMDAwLCJyZWFkIjo2MDAwMDAwMDAwMCwidXBkYXRlIjo2MDAwMDAwMDAwMH19"
        }
      ]
    },
    {
      "module": "module.student_modules[\"yndx-dm-fish2\"]",
      "mode": "managed",
      "type": "yandex_resourcemanager_folder_iam_member",
      "name": "folder_invites",
      "provider": "provider[\"terraform-registry.storage.yandexcloud.net/yandex-cloud/yandex\"]",
      "instances": [
        {
          "schema_version": 0,
          "attributes": {
            "folder_id": "b1g9gtskv8uhptruugh5",
            "id": "b1g9gtskv8uhptruugh5/editor/userAccount:aje284up4h9ufe2a7b9g",
            "member": "userAccount:aje284up4h9ufe2a7b9g",
            "role": "editor",
            "sleep_after": null
          },
          "sensitive_attributes": [],
          "private": "bnVsbA==",
          "dependencies": [
            "module.student_modules.data.yandex_iam_user.student_user",
            "module.student_modules.yandex_resourcemanager_folder.personal_folder"
          ]
        }
      ]
    }
  ]
}
